// !$*UTF8*$!
{
	archiveVersion = 1;
	classes = {
	};
	objectVersion = 50;
	objects = {

/* Begin PBXBuildFile section */
		72099F08225D8626001EE8AD /* Storyboards.swift in Sources */ = {isa = PBXBuildFile; fileRef = 72099F07225D8626001EE8AD /* Storyboards.swift */; };
		72572B59225355E30049A238 /* AppDelegate.swift in Sources */ = {isa = PBXBuildFile; fileRef = 72572B58225355E30049A238 /* AppDelegate.swift */; };
		72572B5E225355E30049A238 /* Main.storyboard in Resources */ = {isa = PBXBuildFile; fileRef = 72572B5C225355E30049A238 /* Main.storyboard */; };
		72572B60225355E50049A238 /* Assets.xcassets in Resources */ = {isa = PBXBuildFile; fileRef = 72572B5F225355E50049A238 /* Assets.xcassets */; };
		72572B63225355E50049A238 /* LaunchScreen.storyboard in Resources */ = {isa = PBXBuildFile; fileRef = 72572B61225355E50049A238 /* LaunchScreen.storyboard */; };
		729F51172255966D00907BF8 /* UIViewController+.swift in Sources */ = {isa = PBXBuildFile; fileRef = 729F51162255966D00907BF8 /* UIViewController+.swift */; };
		729F512A2255DA1500907BF8 /* CustomButton.swift in Sources */ = {isa = PBXBuildFile; fileRef = 729F51292255DA1500907BF8 /* CustomButton.swift */; };
		729F512C2255DB7900907BF8 /* UIColor+.swift in Sources */ = {isa = PBXBuildFile; fileRef = 729F512B2255DB7900907BF8 /* UIColor+.swift */; };
		729F512E2255FF3700907BF8 /* UIFont+.swift in Sources */ = {isa = PBXBuildFile; fileRef = 729F512D2255FF3700907BF8 /* UIFont+.swift */; };
		729F51312256F4C600907BF8 /* HomeViewController.swift in Sources */ = {isa = PBXBuildFile; fileRef = 729F51302256F4C600907BF8 /* HomeViewController.swift */; };
		72B3AC89225D976F000DED2E /* UIView+.swift in Sources */ = {isa = PBXBuildFile; fileRef = 729F513F22574AB000907BF8 /* UIView+.swift */; };
		72B3AC9B225DD1D3000DED2E /* UserDetailViewController.swift in Sources */ = {isa = PBXBuildFile; fileRef = 72B3AC99225DD1D3000DED2E /* UserDetailViewController.swift */; };
		72B3ACB0225F0FE1000DED2E /* .swiftlint.yml in Resources */ = {isa = PBXBuildFile; fileRef = 72B3ACAF225F0FE1000DED2E /* .swiftlint.yml */; };
		72B3ACB7225F3D7E000DED2E /* MenuBarButtonCell.swift in Sources */ = {isa = PBXBuildFile; fileRef = 72B3ACB5225F3D7E000DED2E /* MenuBarButtonCell.swift */; };
		72B3ACB8225F3D7E000DED2E /* MenuBarButtonCell.xib in Resources */ = {isa = PBXBuildFile; fileRef = 72B3ACB6225F3D7E000DED2E /* MenuBarButtonCell.xib */; };
		72BE7F19225377F600D5B3AC /* GoogleService-Info.plist in Resources */ = {isa = PBXBuildFile; fileRef = 72BE7F18225377F600D5B3AC /* GoogleService-Info.plist */; };
		72D1E0A722657CC800FA6FDC /* SettingViewController.swift in Sources */ = {isa = PBXBuildFile; fileRef = 72D1E0A622657CC800FA6FDC /* SettingViewController.swift */; };
		72D1E0A92265BC4300FA6FDC /* LoginViewController.swift in Sources */ = {isa = PBXBuildFile; fileRef = 72D1E0A82265BC4300FA6FDC /* LoginViewController.swift */; };
		72EA1BBA225C7DAF0027DAC2 /* Constant.swift in Sources */ = {isa = PBXBuildFile; fileRef = 72EA1BB9225C7DAF0027DAC2 /* Constant.swift */; };
		72EA1BC1225C891E0027DAC2 /* FirebaseAuthorizable.swift in Sources */ = {isa = PBXBuildFile; fileRef = 72EA1BC0225C891E0027DAC2 /* FirebaseAuthorizable.swift */; };
		72F64041226094EC005C14BC /* PetImages.swift in Sources */ = {isa = PBXBuildFile; fileRef = 72F64040226094EC005C14BC /* PetImages.swift */; };
		72F6404622637F11005C14BC /* homeNewFeedCell.swift in Sources */ = {isa = PBXBuildFile; fileRef = 72F6404422637F11005C14BC /* homeNewFeedCell.swift */; };
		72F6404722637F11005C14BC /* homeNewFeedCell.xib in Resources */ = {isa = PBXBuildFile; fileRef = 72F6404522637F11005C14BC /* homeNewFeedCell.xib */; };
		AFD908918A13D7F661F39090 /* Pods_Petty.framework in Frameworks */ = {isa = PBXBuildFile; fileRef = 1279A104E1444881ED6499B6 /* Pods_Petty.framework */; };
/* End PBXBuildFile section */

/* Begin PBXFileReference section */
		1279A104E1444881ED6499B6 /* Pods_Petty.framework */ = {isa = PBXFileReference; explicitFileType = wrapper.framework; includeInIndex = 0; path = Pods_Petty.framework; sourceTree = BUILT_PRODUCTS_DIR; };
		24CBC12FEDC7F37A3B8C581C /* Pods-Petty.release.xcconfig */ = {isa = PBXFileReference; includeInIndex = 1; lastKnownFileType = text.xcconfig; name = "Pods-Petty.release.xcconfig"; path = "Target Support Files/Pods-Petty/Pods-Petty.release.xcconfig"; sourceTree = "<group>"; };
		72099F07225D8626001EE8AD /* Storyboards.swift */ = {isa = PBXFileReference; fileEncoding = 4; lastKnownFileType = sourcecode.swift; path = Storyboards.swift; sourceTree = "<group>"; };
		72572B55225355E30049A238 /* Petty.app */ = {isa = PBXFileReference; explicitFileType = wrapper.application; includeInIndex = 0; path = Petty.app; sourceTree = BUILT_PRODUCTS_DIR; };
		72572B58225355E30049A238 /* AppDelegate.swift */ = {isa = PBXFileReference; lastKnownFileType = sourcecode.swift; path = AppDelegate.swift; sourceTree = "<group>"; };
		72572B5D225355E30049A238 /* Base */ = {isa = PBXFileReference; lastKnownFileType = file.storyboard; name = Base; path = Base.lproj/Main.storyboard; sourceTree = "<group>"; };
		72572B5F225355E50049A238 /* Assets.xcassets */ = {isa = PBXFileReference; lastKnownFileType = folder.assetcatalog; path = Assets.xcassets; sourceTree = "<group>"; };
		72572B62225355E50049A238 /* Base */ = {isa = PBXFileReference; lastKnownFileType = file.storyboard; name = Base; path = Base.lproj/LaunchScreen.storyboard; sourceTree = "<group>"; };
		72572B64225355E50049A238 /* Info.plist */ = {isa = PBXFileReference; lastKnownFileType = text.plist.xml; path = Info.plist; sourceTree = "<group>"; };
		729F51162255966D00907BF8 /* UIViewController+.swift */ = {isa = PBXFileReference; lastKnownFileType = sourcecode.swift; path = "UIViewController+.swift"; sourceTree = "<group>"; };
		729F51292255DA1500907BF8 /* CustomButton.swift */ = {isa = PBXFileReference; lastKnownFileType = sourcecode.swift; path = CustomButton.swift; sourceTree = "<group>"; };
		729F512B2255DB7900907BF8 /* UIColor+.swift */ = {isa = PBXFileReference; lastKnownFileType = sourcecode.swift; path = "UIColor+.swift"; sourceTree = "<group>"; };
		729F512D2255FF3700907BF8 /* UIFont+.swift */ = {isa = PBXFileReference; lastKnownFileType = sourcecode.swift; path = "UIFont+.swift"; sourceTree = "<group>"; };
		729F51302256F4C600907BF8 /* HomeViewController.swift */ = {isa = PBXFileReference; lastKnownFileType = sourcecode.swift; path = HomeViewController.swift; sourceTree = "<group>"; };
		729F513F22574AB000907BF8 /* UIView+.swift */ = {isa = PBXFileReference; lastKnownFileType = sourcecode.swift; path = "UIView+.swift"; sourceTree = "<group>"; };
		72B3AC99225DD1D3000DED2E /* UserDetailViewController.swift */ = {isa = PBXFileReference; lastKnownFileType = sourcecode.swift; path = UserDetailViewController.swift; sourceTree = "<group>"; };
		72B3ACAF225F0FE1000DED2E /* .swiftlint.yml */ = {isa = PBXFileReference; fileEncoding = 4; lastKnownFileType = text; path = .swiftlint.yml; sourceTree = SOURCE_ROOT; };
		72B3ACB5225F3D7E000DED2E /* MenuBarButtonCell.swift */ = {isa = PBXFileReference; lastKnownFileType = sourcecode.swift; path = MenuBarButtonCell.swift; sourceTree = "<group>"; };
		72B3ACB6225F3D7E000DED2E /* MenuBarButtonCell.xib */ = {isa = PBXFileReference; lastKnownFileType = file.xib; path = MenuBarButtonCell.xib; sourceTree = "<group>"; };
		72BE7F18225377F600D5B3AC /* GoogleService-Info.plist */ = {isa = PBXFileReference; fileEncoding = 4; lastKnownFileType = text.plist.xml; path = "GoogleService-Info.plist"; sourceTree = "<group>"; };
		72D1E0A622657CC800FA6FDC /* SettingViewController.swift */ = {isa = PBXFileReference; fileEncoding = 4; lastKnownFileType = sourcecode.swift; path = SettingViewController.swift; sourceTree = "<group>"; };
		72D1E0A82265BC4300FA6FDC /* LoginViewController.swift */ = {isa = PBXFileReference; fileEncoding = 4; lastKnownFileType = sourcecode.swift; path = LoginViewController.swift; sourceTree = "<group>"; };
		72EA1BB9225C7DAF0027DAC2 /* Constant.swift */ = {isa = PBXFileReference; lastKnownFileType = sourcecode.swift; path = Constant.swift; sourceTree = "<group>"; };
		72EA1BC0225C891E0027DAC2 /* FirebaseAuthorizable.swift */ = {isa = PBXFileReference; lastKnownFileType = sourcecode.swift; path = FirebaseAuthorizable.swift; sourceTree = "<group>"; };
		72F64040226094EC005C14BC /* PetImages.swift */ = {isa = PBXFileReference; lastKnownFileType = sourcecode.swift; path = PetImages.swift; sourceTree = "<group>"; };
		72F6404422637F11005C14BC /* homeNewFeedCell.swift */ = {isa = PBXFileReference; lastKnownFileType = sourcecode.swift; path = homeNewFeedCell.swift; sourceTree = "<group>"; };
		72F6404522637F11005C14BC /* homeNewFeedCell.xib */ = {isa = PBXFileReference; lastKnownFileType = file.xib; path = homeNewFeedCell.xib; sourceTree = "<group>"; };
		B670B54A583FF6B9BAA43B50 /* Pods_PettyUITests.framework */ = {isa = PBXFileReference; explicitFileType = wrapper.framework; includeInIndex = 0; path = Pods_PettyUITests.framework; sourceTree = BUILT_PRODUCTS_DIR; };
		B7437361DF851619D55DCF63 /* Pods-Petty.debug.xcconfig */ = {isa = PBXFileReference; includeInIndex = 1; lastKnownFileType = text.xcconfig; name = "Pods-Petty.debug.xcconfig"; path = "Target Support Files/Pods-Petty/Pods-Petty.debug.xcconfig"; sourceTree = "<group>"; };
		CEB0A3F7138E76F858A273C7 /* Pods_PettyTests.framework */ = {isa = PBXFileReference; explicitFileType = wrapper.framework; includeInIndex = 0; path = Pods_PettyTests.framework; sourceTree = BUILT_PRODUCTS_DIR; };
/* End PBXFileReference section */

/* Begin PBXFrameworksBuildPhase section */
		72572B52225355E30049A238 /* Frameworks */ = {
			isa = PBXFrameworksBuildPhase;
			buildActionMask = 2147483647;
			files = (
				AFD908918A13D7F661F39090 /* Pods_Petty.framework in Frameworks */,
			);
			runOnlyForDeploymentPostprocessing = 0;
		};
/* End PBXFrameworksBuildPhase section */

/* Begin PBXGroup section */
		72572B4C225355E30049A238 = {
			isa = PBXGroup;
			children = (
				72572B57225355E30049A238 /* Petty */,
				72572B56225355E30049A238 /* Products */,
				AD58636DAAE536A7C4A23138 /* Pods */,
				9C09DC0DB3BBCD03512A5F62 /* Frameworks */,
			);
			sourceTree = "<group>";
		};
		72572B56225355E30049A238 /* Products */ = {
			isa = PBXGroup;
			children = (
				72572B55225355E30049A238 /* Petty.app */,
			);
			name = Products;
			sourceTree = "<group>";
		};
		72572B57225355E30049A238 /* Petty */ = {
			isa = PBXGroup;
			children = (
				729F511A2255969100907BF8 /* Widgets */,
				729F51192255968300907BF8 /* Ultils */,
				729F51182255967C00907BF8 /* Scenes */,
				729F51152255963F00907BF8 /* Extensions */,
				729F51112255961300907BF8 /* Data */,
				729F5110225595FE00907BF8 /* Application */,
				72BE7F17225377E800D5B3AC /* Helps */,
				72572B5F225355E50049A238 /* Assets.xcassets */,
				72B3ACAF225F0FE1000DED2E /* .swiftlint.yml */,
				72572B64225355E50049A238 /* Info.plist */,
			);
			path = Petty;
			sourceTree = "<group>";
		};
		729F510D2254AF9B00907BF8 /* Login */ = {
			isa = PBXGroup;
			children = (
				72D1E0A82265BC4300FA6FDC /* LoginViewController.swift */,
			);
			path = Login;
			sourceTree = "<group>";
		};
		729F5110225595FE00907BF8 /* Application */ = {
			isa = PBXGroup;
			children = (
				72572B58225355E30049A238 /* AppDelegate.swift */,
			);
			path = Application;
			sourceTree = "<group>";
		};
		729F51112255961300907BF8 /* Data */ = {
			isa = PBXGroup;
			children = (
				729F511B2255975800907BF8 /* Firebase */,
				729F51122255962700907BF8 /* Model */,
			);
			path = Data;
			sourceTree = "<group>";
		};
		729F51122255962700907BF8 /* Model */ = {
			isa = PBXGroup;
			children = (
				72F64040226094EC005C14BC /* PetImages.swift */,
			);
			path = Model;
			sourceTree = "<group>";
		};
		729F51152255963F00907BF8 /* Extensions */ = {
			isa = PBXGroup;
			children = (
				729F51162255966D00907BF8 /* UIViewController+.swift */,
				729F512B2255DB7900907BF8 /* UIColor+.swift */,
				729F512D2255FF3700907BF8 /* UIFont+.swift */,
				729F513F22574AB000907BF8 /* UIView+.swift */,
			);
			path = Extensions;
			sourceTree = "<group>";
		};
		729F51182255967C00907BF8 /* Scenes */ = {
			isa = PBXGroup;
			children = (
				72D1E0A522657CB200FA6FDC /* Setting */,
				72B3AC98225DD1BA000DED2E /* User Detail */,
				72EA1BBD225C7FC80027DAC2 /* Storyboard */,
				729F51282255DA0200907BF8 /* Common */,
				729F512F2256F4A500907BF8 /* Home */,
				729F510D2254AF9B00907BF8 /* Login */,
			);
			path = Scenes;
			sourceTree = "<group>";
		};
		729F51192255968300907BF8 /* Ultils */ = {
			isa = PBXGroup;
			children = (
			);
			path = Ultils;
			sourceTree = "<group>";
		};
		729F511A2255969100907BF8 /* Widgets */ = {
			isa = PBXGroup;
			children = (
				72F6403B226089E2005C14BC /* CustomCell */,
			);
			path = Widgets;
			sourceTree = "<group>";
		};
		729F511B2255975800907BF8 /* Firebase */ = {
			isa = PBXGroup;
			children = (
				72EA1BC0225C891E0027DAC2 /* FirebaseAuthorizable.swift */,
			);
			path = Firebase;
			sourceTree = "<group>";
		};
		729F51282255DA0200907BF8 /* Common */ = {
			isa = PBXGroup;
			children = (
				729F51292255DA1500907BF8 /* CustomButton.swift */,
				72EA1BB9225C7DAF0027DAC2 /* Constant.swift */,
			);
			path = Common;
			sourceTree = "<group>";
		};
		729F512F2256F4A500907BF8 /* Home */ = {
			isa = PBXGroup;
			children = (
				729F51302256F4C600907BF8 /* HomeViewController.swift */,
			);
			path = Home;
			sourceTree = "<group>";
		};
		72B3AC98225DD1BA000DED2E /* User Detail */ = {
			isa = PBXGroup;
			children = (
				72B3AC99225DD1D3000DED2E /* UserDetailViewController.swift */,
				72B3ACB5225F3D7E000DED2E /* MenuBarButtonCell.swift */,
				72B3ACB6225F3D7E000DED2E /* MenuBarButtonCell.xib */,
			);
			path = "User Detail";
			sourceTree = "<group>";
		};
		72BE7F17225377E800D5B3AC /* Helps */ = {
			isa = PBXGroup;
			children = (
				72BE7F18225377F600D5B3AC /* GoogleService-Info.plist */,
			);
			path = Helps;
			sourceTree = "<group>";
		};
		72D1E0A522657CB200FA6FDC /* Setting */ = {
			isa = PBXGroup;
			children = (
				72D1E0A622657CC800FA6FDC /* SettingViewController.swift */,
			);
			path = Setting;
			sourceTree = "<group>";
		};
		72EA1BBD225C7FC80027DAC2 /* Storyboard */ = {
			isa = PBXGroup;
			children = (
				72099F07225D8626001EE8AD /* Storyboards.swift */,
				72572B61225355E50049A238 /* LaunchScreen.storyboard */,
				72572B5C225355E30049A238 /* Main.storyboard */,
			);
			path = Storyboard;
			sourceTree = "<group>";
		};
		72F6403B226089E2005C14BC /* CustomCell */ = {
			isa = PBXGroup;
			children = (
				72F6404422637F11005C14BC /* homeNewFeedCell.swift */,
				72F6404522637F11005C14BC /* homeNewFeedCell.xib */,
			);
			path = CustomCell;
			sourceTree = "<group>";
		};
		9C09DC0DB3BBCD03512A5F62 /* Frameworks */ = {
			isa = PBXGroup;
			children = (
				1279A104E1444881ED6499B6 /* Pods_Petty.framework */,
				CEB0A3F7138E76F858A273C7 /* Pods_PettyTests.framework */,
				B670B54A583FF6B9BAA43B50 /* Pods_PettyUITests.framework */,
			);
			name = Frameworks;
			sourceTree = "<group>";
		};
		AD58636DAAE536A7C4A23138 /* Pods */ = {
			isa = PBXGroup;
			children = (
				B7437361DF851619D55DCF63 /* Pods-Petty.debug.xcconfig */,
				24CBC12FEDC7F37A3B8C581C /* Pods-Petty.release.xcconfig */,
			);
			path = Pods;
			sourceTree = "<group>";
		};
/* End PBXGroup section */

/* Begin PBXNativeTarget section */
		72572B54225355E30049A238 /* Petty */ = {
			isa = PBXNativeTarget;
			buildConfigurationList = 72572B7D225355E50049A238 /* Build configuration list for PBXNativeTarget "Petty" */;
			buildPhases = (
				A708FF0211B29BB1A30B3CF7 /* [CP] Check Pods Manifest.lock */,
				72572B51225355E30049A238 /* Sources */,
				72572B52225355E30049A238 /* Frameworks */,
				72572B53225355E30049A238 /* Resources */,
				8206DFB2B66F2B39B048D651 /* [CP] Embed Pods Frameworks */,
				729F51272255D91700907BF8 /* ShellScript */,
			);
			buildRules = (
			);
			dependencies = (
			);
			name = Petty;
			productName = Petty;
			productReference = 72572B55225355E30049A238 /* Petty.app */;
			productType = "com.apple.product-type.application";
		};
/* End PBXNativeTarget section */

/* Begin PBXProject section */
		72572B4D225355E30049A238 /* Project object */ = {
			isa = PBXProject;
			attributes = {
				LastSwiftUpdateCheck = 1020;
				LastUpgradeCheck = 1020;
				ORGANIZATIONNAME = "Sun-Asterisk";
				TargetAttributes = {
					72572B54225355E30049A238 = {
						CreatedOnToolsVersion = 10.2;
					};
				};
			};
			buildConfigurationList = 72572B50225355E30049A238 /* Build configuration list for PBXProject "Petty" */;
			compatibilityVersion = "Xcode 9.3";
			developmentRegion = en;
			hasScannedForEncodings = 0;
			knownRegions = (
				en,
				Base,
			);
			mainGroup = 72572B4C225355E30049A238;
			productRefGroup = 72572B56225355E30049A238 /* Products */;
			projectDirPath = "";
			projectRoot = "";
			targets = (
				72572B54225355E30049A238 /* Petty */,
			);
		};
/* End PBXProject section */

/* Begin PBXResourcesBuildPhase section */
		72572B53225355E30049A238 /* Resources */ = {
			isa = PBXResourcesBuildPhase;
			buildActionMask = 2147483647;
			files = (
				72B3ACB8225F3D7E000DED2E /* MenuBarButtonCell.xib in Resources */,
				72B3ACB0225F0FE1000DED2E /* .swiftlint.yml in Resources */,
				72572B63225355E50049A238 /* LaunchScreen.storyboard in Resources */,
				72F6404722637F11005C14BC /* homeNewFeedCell.xib in Resources */,
				72BE7F19225377F600D5B3AC /* GoogleService-Info.plist in Resources */,
				72572B60225355E50049A238 /* Assets.xcassets in Resources */,
				72572B5E225355E30049A238 /* Main.storyboard in Resources */,
			);
			runOnlyForDeploymentPostprocessing = 0;
		};
/* End PBXResourcesBuildPhase section */

/* Begin PBXShellScriptBuildPhase section */
		729F51272255D91700907BF8 /* ShellScript */ = {
			isa = PBXShellScriptBuildPhase;
			buildActionMask = 2147483647;
			files = (
			);
			inputFileListPaths = (
			);
			inputPaths = (
			);
			outputFileListPaths = (
			);
			outputPaths = (
			);
			runOnlyForDeploymentPostprocessing = 0;
			shellPath = /bin/sh;
			shellScript = "if which swiftlint >/dev/null; then\nswiftlint\nelse\necho \"warning: SwiftLint not installed, download from https://github.com/realm/SwiftLint\"\nfi\n";
		};
		8206DFB2B66F2B39B048D651 /* [CP] Embed Pods Frameworks */ = {
			isa = PBXShellScriptBuildPhase;
			buildActionMask = 2147483647;
			files = (
			);
			inputFileListPaths = (
			);
			inputPaths = (
				"${PODS_ROOT}/Target Support Files/Pods-Petty/Pods-Petty-frameworks.sh",
				"${BUILT_PRODUCTS_DIR}/GTMSessionFetcher/GTMSessionFetcher.framework",
				"${BUILT_PRODUCTS_DIR}/GoogleUtilities/GoogleUtilities.framework",
				"${BUILT_PRODUCTS_DIR}/Reusable/Reusable.framework",
				"${BUILT_PRODUCTS_DIR}/SVProgressHUD/SVProgressHUD.framework",
				"${BUILT_PRODUCTS_DIR}/XLPagerTabStrip/XLPagerTabStrip.framework",
				"${BUILT_PRODUCTS_DIR}/leveldb-library/leveldb.framework",
				"${BUILT_PRODUCTS_DIR}/nanopb/nanopb.framework",
			);
			name = "[CP] Embed Pods Frameworks";
			outputFileListPaths = (
			);
			outputPaths = (
				"${TARGET_BUILD_DIR}/${FRAMEWORKS_FOLDER_PATH}/GTMSessionFetcher.framework",
				"${TARGET_BUILD_DIR}/${FRAMEWORKS_FOLDER_PATH}/GoogleUtilities.framework",
				"${TARGET_BUILD_DIR}/${FRAMEWORKS_FOLDER_PATH}/Reusable.framework",
				"${TARGET_BUILD_DIR}/${FRAMEWORKS_FOLDER_PATH}/SVProgressHUD.framework",
				"${TARGET_BUILD_DIR}/${FRAMEWORKS_FOLDER_PATH}/XLPagerTabStrip.framework",
				"${TARGET_BUILD_DIR}/${FRAMEWORKS_FOLDER_PATH}/leveldb.framework",
				"${TARGET_BUILD_DIR}/${FRAMEWORKS_FOLDER_PATH}/nanopb.framework",
			);
			runOnlyForDeploymentPostprocessing = 0;
			shellPath = /bin/sh;
			shellScript = "\"${PODS_ROOT}/Target Support Files/Pods-Petty/Pods-Petty-frameworks.sh\"\n";
			showEnvVarsInLog = 0;
		};
		A708FF0211B29BB1A30B3CF7 /* [CP] Check Pods Manifest.lock */ = {
			isa = PBXShellScriptBuildPhase;
			buildActionMask = 2147483647;
			files = (
			);
			inputFileListPaths = (
			);
			inputPaths = (
				"${PODS_PODFILE_DIR_PATH}/Podfile.lock",
				"${PODS_ROOT}/Manifest.lock",
			);
			name = "[CP] Check Pods Manifest.lock";
			outputFileListPaths = (
			);
			outputPaths = (
				"$(DERIVED_FILE_DIR)/Pods-Petty-checkManifestLockResult.txt",
			);
			runOnlyForDeploymentPostprocessing = 0;
			shellPath = /bin/sh;
			shellScript = "diff \"${PODS_PODFILE_DIR_PATH}/Podfile.lock\" \"${PODS_ROOT}/Manifest.lock\" > /dev/null\nif [ $? != 0 ] ; then\n    # print error to STDERR\n    echo \"error: The sandbox is not in sync with the Podfile.lock. Run 'pod install' or update your CocoaPods installation.\" >&2\n    exit 1\nfi\n# This output is used by Xcode 'outputs' to avoid re-running this script phase.\necho \"SUCCESS\" > \"${SCRIPT_OUTPUT_FILE_0}\"\n";
			showEnvVarsInLog = 0;
		};
/* End PBXShellScriptBuildPhase section */

/* Begin PBXSourcesBuildPhase section */
		72572B51225355E30049A238 /* Sources */ = {
			isa = PBXSourcesBuildPhase;
			buildActionMask = 2147483647;
			files = (
				729F512C2255DB7900907BF8 /* UIColor+.swift in Sources */,
				72B3AC9B225DD1D3000DED2E /* UserDetailViewController.swift in Sources */,
				72F64041226094EC005C14BC /* PetImages.swift in Sources */,
				729F512E2255FF3700907BF8 /* UIFont+.swift in Sources */,
				72EA1BBA225C7DAF0027DAC2 /* Constant.swift in Sources */,
				72B3ACB7225F3D7E000DED2E /* MenuBarButtonCell.swift in Sources */,
				72099F08225D8626001EE8AD /* Storyboards.swift in Sources */,
				72F6404622637F11005C14BC /* homeNewFeedCell.swift in Sources */,
				72EA1BC1225C891E0027DAC2 /* FirebaseAuthorizable.swift in Sources */,
				729F51172255966D00907BF8 /* UIViewController+.swift in Sources */,
				72572B59225355E30049A238 /* AppDelegate.swift in Sources */,
				72B3AC89225D976F000DED2E /* UIView+.swift in Sources */,
				72D1E0A92265BC4300FA6FDC /* LoginViewController.swift in Sources */,
				72D1E0A722657CC800FA6FDC /* SettingViewController.swift in Sources */,
				729F51312256F4C600907BF8 /* HomeViewController.swift in Sources */,
				729F512A2255DA1500907BF8 /* CustomButton.swift in Sources */,
			);
			runOnlyForDeploymentPostprocessing = 0;
		};
/* End PBXSourcesBuildPhase section */

/* Begin PBXVariantGroup section */
		72572B5C225355E30049A238 /* Main.storyboard */ = {
			isa = PBXVariantGroup;
			children = (
				72572B5D225355E30049A238 /* Base */,
			);
			name = Main.storyboard;
			sourceTree = "<group>";
		};
		72572B61225355E50049A238 /* LaunchScreen.storyboard */ = {
			isa = PBXVariantGroup;
			children = (
				72572B62225355E50049A238 /* Base */,
			);
			name = LaunchScreen.storyboard;
			sourceTree = "<group>";
		};
/* End PBXVariantGroup section */

/* Begin XCBuildConfiguration section */
		72572B7B225355E50049A238 /* Debug */ = {
			isa = XCBuildConfiguration;
			buildSettings = {
				ALWAYS_SEARCH_USER_PATHS = NO;
				CLANG_ANALYZER_NONNULL = YES;
				CLANG_ANALYZER_NUMBER_OBJECT_CONVERSION = YES_AGGRESSIVE;
				CLANG_CXX_LANGUAGE_STANDARD = "gnu++14";
				CLANG_CXX_LIBRARY = "libc++";
				CLANG_ENABLE_MODULES = YES;
				CLANG_ENABLE_OBJC_ARC = YES;
				CLANG_ENABLE_OBJC_WEAK = YES;
				CLANG_WARN_BLOCK_CAPTURE_AUTORELEASING = YES;
				CLANG_WARN_BOOL_CONVERSION = YES;
				CLANG_WARN_COMMA = YES;
				CLANG_WARN_CONSTANT_CONVERSION = YES;
				CLANG_WARN_DEPRECATED_OBJC_IMPLEMENTATIONS = YES;
				CLANG_WARN_DIRECT_OBJC_ISA_USAGE = YES_ERROR;
				CLANG_WARN_DOCUMENTATION_COMMENTS = YES;
				CLANG_WARN_EMPTY_BODY = YES;
				CLANG_WARN_ENUM_CONVERSION = YES;
				CLANG_WARN_INFINITE_RECURSION = YES;
				CLANG_WARN_INT_CONVERSION = YES;
				CLANG_WARN_NON_LITERAL_NULL_CONVERSION = YES;
				CLANG_WARN_OBJC_IMPLICIT_RETAIN_SELF = YES;
				CLANG_WARN_OBJC_LITERAL_CONVERSION = YES;
				CLANG_WARN_OBJC_ROOT_CLASS = YES_ERROR;
				CLANG_WARN_RANGE_LOOP_ANALYSIS = YES;
				CLANG_WARN_STRICT_PROTOTYPES = YES;
				CLANG_WARN_SUSPICIOUS_MOVE = YES;
				CLANG_WARN_UNGUARDED_AVAILABILITY = YES_AGGRESSIVE;
				CLANG_WARN_UNREACHABLE_CODE = YES;
				CLANG_WARN__DUPLICATE_METHOD_MATCH = YES;
				CODE_SIGN_IDENTITY = "iPhone Developer";
				COPY_PHASE_STRIP = NO;
				DEBUG_INFORMATION_FORMAT = dwarf;
				ENABLE_STRICT_OBJC_MSGSEND = YES;
				ENABLE_TESTABILITY = YES;
				GCC_C_LANGUAGE_STANDARD = gnu11;
				GCC_DYNAMIC_NO_PIC = NO;
				GCC_NO_COMMON_BLOCKS = YES;
				GCC_OPTIMIZATION_LEVEL = 0;
				GCC_PREPROCESSOR_DEFINITIONS = (
					"DEBUG=1",
					"$(inherited)",
				);
				GCC_WARN_64_TO_32_BIT_CONVERSION = YES;
				GCC_WARN_ABOUT_RETURN_TYPE = YES_ERROR;
				GCC_WARN_UNDECLARED_SELECTOR = YES;
				GCC_WARN_UNINITIALIZED_AUTOS = YES_AGGRESSIVE;
				GCC_WARN_UNUSED_FUNCTION = YES;
				GCC_WARN_UNUSED_VARIABLE = YES;
				IPHONEOS_DEPLOYMENT_TARGET = 12.2;
				MTL_ENABLE_DEBUG_INFO = INCLUDE_SOURCE;
				MTL_FAST_MATH = YES;
				ONLY_ACTIVE_ARCH = YES;
				SDKROOT = iphoneos;
				SWIFT_ACTIVE_COMPILATION_CONDITIONS = DEBUG;
				SWIFT_OPTIMIZATION_LEVEL = "-Onone";
			};
			name = Debug;
		};
		72572B7C225355E50049A238 /* Release */ = {
			isa = XCBuildConfiguration;
			buildSettings = {
				ALWAYS_SEARCH_USER_PATHS = NO;
				CLANG_ANALYZER_NONNULL = YES;
				CLANG_ANALYZER_NUMBER_OBJECT_CONVERSION = YES_AGGRESSIVE;
				CLANG_CXX_LANGUAGE_STANDARD = "gnu++14";
				CLANG_CXX_LIBRARY = "libc++";
				CLANG_ENABLE_MODULES = YES;
				CLANG_ENABLE_OBJC_ARC = YES;
				CLANG_ENABLE_OBJC_WEAK = YES;
				CLANG_WARN_BLOCK_CAPTURE_AUTORELEASING = YES;
				CLANG_WARN_BOOL_CONVERSION = YES;
				CLANG_WARN_COMMA = YES;
				CLANG_WARN_CONSTANT_CONVERSION = YES;
				CLANG_WARN_DEPRECATED_OBJC_IMPLEMENTATIONS = YES;
				CLANG_WARN_DIRECT_OBJC_ISA_USAGE = YES_ERROR;
				CLANG_WARN_DOCUMENTATION_COMMENTS = YES;
				CLANG_WARN_EMPTY_BODY = YES;
				CLANG_WARN_ENUM_CONVERSION = YES;
				CLANG_WARN_INFINITE_RECURSION = YES;
				CLANG_WARN_INT_CONVERSION = YES;
				CLANG_WARN_NON_LITERAL_NULL_CONVERSION = YES;
				CLANG_WARN_OBJC_IMPLICIT_RETAIN_SELF = YES;
				CLANG_WARN_OBJC_LITERAL_CONVERSION = YES;
				CLANG_WARN_OBJC_ROOT_CLASS = YES_ERROR;
				CLANG_WARN_RANGE_LOOP_ANALYSIS = YES;
				CLANG_WARN_STRICT_PROTOTYPES = YES;
				CLANG_WARN_SUSPICIOUS_MOVE = YES;
				CLANG_WARN_UNGUARDED_AVAILABILITY = YES_AGGRESSIVE;
				CLANG_WARN_UNREACHABLE_CODE = YES;
				CLANG_WARN__DUPLICATE_METHOD_MATCH = YES;
				CODE_SIGN_IDENTITY = "iPhone Developer";
				COPY_PHASE_STRIP = NO;
				DEBUG_INFORMATION_FORMAT = "dwarf-with-dsym";
				ENABLE_NS_ASSERTIONS = NO;
				ENABLE_STRICT_OBJC_MSGSEND = YES;
				GCC_C_LANGUAGE_STANDARD = gnu11;
				GCC_NO_COMMON_BLOCKS = YES;
				GCC_WARN_64_TO_32_BIT_CONVERSION = YES;
				GCC_WARN_ABOUT_RETURN_TYPE = YES_ERROR;
				GCC_WARN_UNDECLARED_SELECTOR = YES;
				GCC_WARN_UNINITIALIZED_AUTOS = YES_AGGRESSIVE;
				GCC_WARN_UNUSED_FUNCTION = YES;
				GCC_WARN_UNUSED_VARIABLE = YES;
				IPHONEOS_DEPLOYMENT_TARGET = 12.2;
				MTL_ENABLE_DEBUG_INFO = NO;
				MTL_FAST_MATH = YES;
				SDKROOT = iphoneos;
				SWIFT_COMPILATION_MODE = wholemodule;
				SWIFT_OPTIMIZATION_LEVEL = "-O";
				VALIDATE_PRODUCT = YES;
			};
			name = Release;
		};
		72572B7E225355E50049A238 /* Debug */ = {
			isa = XCBuildConfiguration;
			baseConfigurationReference = B7437361DF851619D55DCF63 /* Pods-Petty.debug.xcconfig */;
			buildSettings = {
				ASSETCATALOG_COMPILER_APPICON_NAME = AppIcon;
				CODE_SIGN_STYLE = Automatic;
				DEVELOPMENT_TEAM = YB4Z3CB3J8;
				INFOPLIST_FILE = Petty/Info.plist;
				LD_RUNPATH_SEARCH_PATHS = (
					"$(inherited)",
					"@executable_path/Frameworks",
				);
				PRODUCT_BUNDLE_IDENTIFIER = com.chuongmd.Petty;
				PRODUCT_NAME = "$(TARGET_NAME)";
				SWIFT_VERSION = 5.0;
				TARGETED_DEVICE_FAMILY = "1,2";
			};
			name = Debug;
		};
		72572B7F225355E50049A238 /* Release */ = {
			isa = XCBuildConfiguration;
			baseConfigurationReference = 24CBC12FEDC7F37A3B8C581C /* Pods-Petty.release.xcconfig */;
			buildSettings = {
				ASSETCATALOG_COMPILER_APPICON_NAME = AppIcon;
				CODE_SIGN_STYLE = Automatic;
				DEVELOPMENT_TEAM = YB4Z3CB3J8;
				INFOPLIST_FILE = Petty/Info.plist;
				LD_RUNPATH_SEARCH_PATHS = (
					"$(inherited)",
					"@executable_path/Frameworks",
				);
				PRODUCT_BUNDLE_IDENTIFIER = com.chuongmd.Petty;
				PRODUCT_NAME = "$(TARGET_NAME)";
				SWIFT_VERSION = 5.0;
				TARGETED_DEVICE_FAMILY = "1,2";
			};
			name = Release;
		};
/* End XCBuildConfiguration section */

/* Begin XCConfigurationList section */
		72572B50225355E30049A238 /* Build configuration list for PBXProject "Petty" */ = {
			isa = XCConfigurationList;
			buildConfigurations = (
				72572B7B225355E50049A238 /* Debug */,
				72572B7C225355E50049A238 /* Release */,
			);
			defaultConfigurationIsVisible = 0;
			defaultConfigurationName = Release;
		};
		72572B7D225355E50049A238 /* Build configuration list for PBXNativeTarget "Petty" */ = {
			isa = XCConfigurationList;
			buildConfigurations = (
				72572B7E225355E50049A238 /* Debug */,
				72572B7F225355E50049A238 /* Release */,
			);
			defaultConfigurationIsVisible = 0;
			defaultConfigurationName = Release;
		};
/* End XCConfigurationList section */
	};
	rootObject = 72572B4D225355E30049A238 /* Project object */;
}
